
Microsoft Visual Studio Solution File, Format Version 12.00
# Visual Studio 2013
VisualStudioVersion = 12.0.21005.1
MinimumVisualStudioVersion = 10.0.40219.1
Project("{FAE04EC0-301F-11D3-BF4B-00C04F79EFBC}") = "DataTableToObject", "DataTableToObject\DataTableToObject.csproj", "{EA49F322-4871-4AE2-A6B0-9DBE00C6F4B6}"
EndProject
Project("{FAE04EC0-301F-11D3-BF4B-00C04F79EFBC}") = "Tests", "Tests\Tests.csproj", "{053E9752-4E20-4474-8A54-BDEE30C7CC3E}"
EndProject
Global
	GlobalSection(SolutionConfigurationPlatforms) = preSolution
		Debug|Any CPU = Debug|Any CPU
		Release|Any CPU = Release|Any CPU
	EndGlobalSection
	GlobalSection(ProjectConfigurationPlatforms) = postSolution
		{EA49F322-4871-4AE2-A6B0-9DBE00C6F4B6}.Debug|Any CPU.ActiveCfg = Debug|Any CPU
		{EA49F322-4871-4AE2-A6B0-9DBE00C6F4B6}.Debug|Any CPU.Build.0 = Debug|Any CPU
		{EA49F322-4871-4AE2-A6B0-9DBE00C6F4B6}.Release|Any CPU.ActiveCfg = Release|Any CPU
		{EA49F322-4871-4AE2-A6B0-9DBE00C6F4B6}.Release|Any CPU.Build.0 = Release|Any CPU
		{053E9752-4E20-4474-8A54-BDEE30C7CC3E}.Debug|Any CPU.ActiveCfg = Debug|Any CPU
		{053E9752-4E20-4474-8A54-BDEE30C7CC3E}.Debug|Any CPU.Build.0 = Debug|Any CPU
		{053E9752-4E20-4474-8A54-BDEE30C7CC3E}.Release|Any CPU.ActiveCfg = Release|Any CPU
		{053E9752-4E20-4474-8A54-BDEE30C7CC3E}.Release|Any CPU.Build.0 = Release|Any CPU
	EndGlobalSection
	GlobalSection(SolutionProperties) = preSolution
		HideSolutionNode = FALSE
	EndGlobalSection
EndGlobal
